
Microsoft Visual Studio Solution File, Format Version 12.00
# Visual Studio Version 17
VisualStudioVersion = 17.5.002.0
MinimumVisualStudioVersion = 10.0.40219.1
Project("{2150E333-8FDC-42A3-9474-1A3956D46DE8}") = "app", "app", "{5D3E360E-D5EB-43BC-BDEF-C3F9250CA8F5}"
EndProject
Project("{2150E333-8FDC-42A3-9474-1A3956D46DE8}") = "backend", "backend", "{6C5ABE52-7CF6-4B00-8A20-49F38174A07A}"
EndProject
Project("{9A19103F-16F7-4668-BE54-9A1E7A4F7556}") = "KnowledgeBase.DocumentProcessing", "app\backend\KnowledgeBase.DocumentProcessing\KnowledgeBase.DocumentProcessing.csproj", "{376D5E1E-04E8-4159-8DB1-E25467446B18}"
EndProject
Project("{9A19103F-16F7-4668-BE54-9A1E7A4F7556}") = "KnowledgeBase.KnowledgeProcessing", "app\backend\KnowledgeBase.KnowledgeProcessing\KnowledgeBase.KnowledgeProcessing.csproj", "{DF4E4DA3-CF19-4703-AA3C-D92D1F0D53B2}"
EndProject
Project("{2150E333-8FDC-42A3-9474-1A3956D46DE8}") = "shared", "shared", "{5D380C0D-0F98-4375-BD8A-1AF94A0842DD}"
EndProject
Project("{FAE04EC0-301F-11D3-BF4B-00C04F79EFBC}") = "KnowledgeBase.Shared", "app\shared\KnowledgeBase.Shared\KnowledgeBase.Shared.csproj", "{03DE7336-4983-40B3-B5B7-5C74445152F7}"
EndProject
Project("{FAE04EC0-301F-11D3-BF4B-00C04F79EFBC}") = "KnowledgeBase.SearchKnowledge", "app\backend\KnowledgeBase.SearchKnowledge\KnowledgeBase.SearchKnowledge.csproj", "{C15E3CF3-B1B4-4855-939B-ED42BD8A4F50}"
EndProject
Project("{2150E333-8FDC-42A3-9474-1A3956D46DE8}") = "frontend", "frontend", "{66B2E64C-19CE-4D4E-8710-A7FF4D45E534}"
EndProject
Project("{FAE04EC0-301F-11D3-BF4B-00C04F79EFBC}") = "KnowledgeBase.Frontend", "app\frontend\KnowledgeBase.Frontend\KnowledgeBase.Frontend.csproj", "{EE94B3EF-2834-4A08-AAF9-278D7EE7CB0F}"
EndProject
Global
	GlobalSection(SolutionConfigurationPlatforms) = preSolution
		Debug|Any CPU = Debug|Any CPU
		Release|Any CPU = Release|Any CPU
	EndGlobalSection
	GlobalSection(ProjectConfigurationPlatforms) = postSolution
		{376D5E1E-04E8-4159-8DB1-E25467446B18}.Debug|Any CPU.ActiveCfg = Debug|Any CPU
		{376D5E1E-04E8-4159-8DB1-E25467446B18}.Debug|Any CPU.Build.0 = Debug|Any CPU
		{376D5E1E-04E8-4159-8DB1-E25467446B18}.Release|Any CPU.ActiveCfg = Release|Any CPU
		{376D5E1E-04E8-4159-8DB1-E25467446B18}.Release|Any CPU.Build.0 = Release|Any CPU
		{DF4E4DA3-CF19-4703-AA3C-D92D1F0D53B2}.Debug|Any CPU.ActiveCfg = Debug|Any CPU
		{DF4E4DA3-CF19-4703-AA3C-D92D1F0D53B2}.Debug|Any CPU.Build.0 = Debug|Any CPU
		{DF4E4DA3-CF19-4703-AA3C-D92D1F0D53B2}.Release|Any CPU.ActiveCfg = Release|Any CPU
		{DF4E4DA3-CF19-4703-AA3C-D92D1F0D53B2}.Release|Any CPU.Build.0 = Release|Any CPU
		{03DE7336-4983-40B3-B5B7-5C74445152F7}.Debug|Any CPU.ActiveCfg = Debug|Any CPU
		{03DE7336-4983-40B3-B5B7-5C74445152F7}.Debug|Any CPU.Build.0 = Debug|Any CPU
		{03DE7336-4983-40B3-B5B7-5C74445152F7}.Release|Any CPU.ActiveCfg = Release|Any CPU
		{03DE7336-4983-40B3-B5B7-5C74445152F7}.Release|Any CPU.Build.0 = Release|Any CPU
		{C15E3CF3-B1B4-4855-939B-ED42BD8A4F50}.Debug|Any CPU.ActiveCfg = Debug|Any CPU
		{C15E3CF3-B1B4-4855-939B-ED42BD8A4F50}.Debug|Any CPU.Build.0 = Debug|Any CPU
		{C15E3CF3-B1B4-4855-939B-ED42BD8A4F50}.Release|Any CPU.ActiveCfg = Release|Any CPU
		{C15E3CF3-B1B4-4855-939B-ED42BD8A4F50}.Release|Any CPU.Build.0 = Release|Any CPU
		{EE94B3EF-2834-4A08-AAF9-278D7EE7CB0F}.Debug|Any CPU.ActiveCfg = Debug|Any CPU
		{EE94B3EF-2834-4A08-AAF9-278D7EE7CB0F}.Debug|Any CPU.Build.0 = Debug|Any CPU
		{EE94B3EF-2834-4A08-AAF9-278D7EE7CB0F}.Release|Any CPU.ActiveCfg = Release|Any CPU
		{EE94B3EF-2834-4A08-AAF9-278D7EE7CB0F}.Release|Any CPU.Build.0 = Release|Any CPU
	EndGlobalSection
	GlobalSection(SolutionProperties) = preSolution
		HideSolutionNode = FALSE
	EndGlobalSection
	GlobalSection(NestedProjects) = preSolution
		{6C5ABE52-7CF6-4B00-8A20-49F38174A07A} = {5D3E360E-D5EB-43BC-BDEF-C3F9250CA8F5}
		{376D5E1E-04E8-4159-8DB1-E25467446B18} = {6C5ABE52-7CF6-4B00-8A20-49F38174A07A}
		{DF4E4DA3-CF19-4703-AA3C-D92D1F0D53B2} = {6C5ABE52-7CF6-4B00-8A20-49F38174A07A}
		{5D380C0D-0F98-4375-BD8A-1AF94A0842DD} = {5D3E360E-D5EB-43BC-BDEF-C3F9250CA8F5}
		{03DE7336-4983-40B3-B5B7-5C74445152F7} = {5D380C0D-0F98-4375-BD8A-1AF94A0842DD}
		{C15E3CF3-B1B4-4855-939B-ED42BD8A4F50} = {6C5ABE52-7CF6-4B00-8A20-49F38174A07A}
		{66B2E64C-19CE-4D4E-8710-A7FF4D45E534} = {5D3E360E-D5EB-43BC-BDEF-C3F9250CA8F5}
		{EE94B3EF-2834-4A08-AAF9-278D7EE7CB0F} = {66B2E64C-19CE-4D4E-8710-A7FF4D45E534}
	EndGlobalSection
	GlobalSection(ExtensibilityGlobals) = postSolution
		SolutionGuid = {6FEA8D5A-9164-4D4D-9154-518551300A0C}
	EndGlobalSection
EndGlobal
